{
  "version": 4,
  "terraform_version": "1.10.5",
  "serial": 84,
  "lineage": "09437ad7-1a75-9813-e0db-7aa6de064f89",
  "outputs": {
    "api_endpoint": {
      "value": "https://0p1mp93aa7.execute-api.us-west-2.amazonaws.com/prod/scrape",
      "type": "string"
    },
    "api_key": {
      "value": "s6L7M0xIac7ZTKwXmLv305EbXQjZY85B8DAz6HVj",
      "type": "string",
      "sensitive": true
    },
    "dlq_urls": {
      "value": {
        "image": "https://sqs.us-west-2.amazonaws.com/024611159954/image-download-dlq",
        "lambda": "https://sqs.us-west-2.amazonaws.com/024611159954/lambda-scraper-dlq",
        "scraping": "https://sqs.us-west-2.amazonaws.com/024611159954/url-scraping-dlq"
      },
      "type": [
        "object",
        {
          "image": "string",
          "lambda": "string",
          "scraping": "string"
        }
      ]
    },
    "image_queue_url": {
      "value": "https://sqs.us-west-2.amazonaws.com/024611159954/image-download-queue",
      "type": "string"
    },
    "scraping_queue_url": {
      "value": "https://sqs.us-west-2.amazonaws.com/024611159954/url-scraping-queue",
      "type": "string"
    }
  },
  "resources": [
    {
      "mode": "data",
      "type": "aws_caller_identity",
      "name": "current",
      "provider": "provider[\"registry.terraform.io/hashicorp/aws\"]",
      "instances": [
        {
          "schema_version": 0,
          "attributes": {
            "account_id": "024611159954",
            "arn": "arn:aws:sts::024611159954:assumed-role/AWSReservedSSO_Developer_af43abc20dd3acb8/FAN_Kyle",
            "id": "024611159954",
            "user_id": "AROAQLOXQP6JOF4HLOYOI:FAN_Kyle"
          },
          "sensitive_attributes": []
        }
      ]
    },
    {
      "mode": "data",
      "type": "aws_region",
      "name": "current",
      "provider": "provider[\"registry.terraform.io/hashicorp/aws\"]",
      "instances": [
        {
          "schema_version": 0,
          "attributes": {
            "description": "US West (Oregon)",
            "endpoint": "ec2.us-west-2.amazonaws.com",
            "id": "us-west-2",
            "name": "us-west-2"
          },
          "sensitive_attributes": []
        }
      ]
    },
    {
      "mode": "managed",
      "type": "aws_api_gateway_api_key",
      "name": "scraping_api_key",
      "provider": "provider[\"registry.terraform.io/hashicorp/aws\"]",
      "instances": [
        {
          "schema_version": 0,
          "attributes": {
            "arn": "arn:aws:apigateway:us-west-2::/apikeys/dtue59718e",
            "created_date": "2025-02-21T20:11:37Z",
            "customer_id": "",
            "description": "Managed by Terraform",
            "enabled": true,
            "id": "dtue59718e",
            "last_updated_date": "2025-02-21T20:11:37Z",
            "name": "scraping-api-key",
            "tags": {},
            "tags_all": {},
            "value": "s6L7M0xIac7ZTKwXmLv305EbXQjZY85B8DAz6HVj"
          },
          "sensitive_attributes": [
            [
              {
                "type": "get_attr",
                "value": "value"
              }
            ]
          ],
          "private": "bnVsbA=="
        }
      ]
    },
    {
      "mode": "managed",
      "type": "aws_api_gateway_deployment",
      "name": "api_deployment",
      "provider": "provider[\"registry.terraform.io/hashicorp/aws\"]",
      "instances": [
        {
          "schema_version": 0,
          "attributes": {
            "canary_settings": [],
            "created_date": "2025-02-21T20:43:34Z",
            "description": "",
            "execution_arn": "arn:aws:execute-api:us-west-2:024611159954:0p1mp93aa7/",
            "id": "jh74pm",
            "invoke_url": "https://0p1mp93aa7.execute-api.us-west-2.amazonaws.com/",
            "rest_api_id": "0p1mp93aa7",
            "stage_description": null,
            "stage_name": null,
            "triggers": {
              "redeployment": "59b104c002f66e3268852deb3111be6f72d42fa9"
            },
            "variables": null
          },
          "sensitive_attributes": [],
          "private": "bnVsbA==",
          "dependencies": [
            "aws_api_gateway_integration.sqs_integration",
            "aws_api_gateway_integration_response.integration_response",
            "aws_api_gateway_method.scrape_post",
            "aws_api_gateway_method_response.response_200",
            "aws_api_gateway_model.scrape_request_model",
            "aws_api_gateway_request_validator.validator",
            "aws_api_gateway_resource.scrape",
            "aws_api_gateway_rest_api.scraping_api",
            "aws_iam_role.api_gateway_sqs",
            "aws_sqs_queue.scraping_dlq",
            "aws_sqs_queue.scraping_queue",
            "data.aws_caller_identity.current",
            "data.aws_region.current"
          ],
          "create_before_destroy": true
        }
      ]
    },
    {
      "mode": "managed",
      "type": "aws_api_gateway_integration",
      "name": "sqs_integration",
      "provider": "provider[\"registry.terraform.io/hashicorp/aws\"]",
      "instances": [
        {
          "schema_version": 0,
          "attributes": {
            "cache_key_parameters": [],
            "cache_namespace": "a8436r",
            "connection_id": "",
            "connection_type": "INTERNET",
            "content_handling": "",
            "credentials": "arn:aws:iam::024611159954:role/api-gateway-sqs-role",
            "http_method": "POST",
            "id": "agi-0p1mp93aa7-a8436r-POST",
            "integration_http_method": "POST",
            "passthrough_behavior": "WHEN_NO_MATCH",
            "request_parameters": {
              "integration.request.header.Content-Type": "'application/x-www-form-urlencoded'"
            },
            "request_templates": {
              "application/json": "Action=SendMessage\u0026MessageBody={\n  \"page_url\": \"$input.path('$.page_url')\",\n  \"store_images\": $input.path('$.store_images')\n}\n"
            },
            "resource_id": "a8436r",
            "rest_api_id": "0p1mp93aa7",
            "timeout_milliseconds": 29000,
            "tls_config": [],
            "type": "AWS",
            "uri": "arn:aws:apigateway:us-west-2:sqs:path/024611159954/url-scraping-queue"
          },
          "sensitive_attributes": [],
          "private": "bnVsbA==",
          "dependencies": [
            "aws_api_gateway_method.scrape_post",
            "aws_api_gateway_model.scrape_request_model",
            "aws_api_gateway_request_validator.validator",
            "aws_api_gateway_resource.scrape",
            "aws_api_gateway_rest_api.scraping_api",
            "aws_iam_role.api_gateway_sqs",
            "aws_sqs_queue.scraping_dlq",
            "aws_sqs_queue.scraping_queue",
            "data.aws_caller_identity.current",
            "data.aws_region.current"
          ],
          "create_before_destroy": true
        }
      ]
    },
    {
      "mode": "managed",
      "type": "aws_api_gateway_integration_response",
      "name": "integration_response",
      "provider": "provider[\"registry.terraform.io/hashicorp/aws\"]",
      "instances": [
        {
          "schema_version": 0,
          "attributes": {
            "content_handling": "",
            "http_method": "POST",
            "id": "agir-0p1mp93aa7-a8436r-POST-200",
            "resource_id": "a8436r",
            "response_parameters": {},
            "response_templates": {
              "application/json": "{\n  \"message\": \"URL added to scraping queue\",\n  \"status\": \"success\",\n  \"requestId\": \"$context.requestId\"\n}\n"
            },
            "rest_api_id": "0p1mp93aa7",
            "selection_pattern": "",
            "status_code": "200"
          },
          "sensitive_attributes": [],
          "private": "bnVsbA==",
          "dependencies": [
            "aws_api_gateway_integration.sqs_integration",
            "aws_api_gateway_method.scrape_post",
            "aws_api_gateway_method_response.response_200",
            "aws_api_gateway_model.scrape_request_model",
            "aws_api_gateway_request_validator.validator",
            "aws_api_gateway_resource.scrape",
            "aws_api_gateway_rest_api.scraping_api",
            "aws_iam_role.api_gateway_sqs",
            "aws_sqs_queue.scraping_dlq",
            "aws_sqs_queue.scraping_queue",
            "data.aws_caller_identity.current",
            "data.aws_region.current"
          ],
          "create_before_destroy": true
        }
      ]
    },
    {
      "mode": "managed",
      "type": "aws_api_gateway_method",
      "name": "scrape_post",
      "provider": "provider[\"registry.terraform.io/hashicorp/aws\"]",
      "instances": [
        {
          "schema_version": 0,
          "attributes": {
            "api_key_required": true,
            "authorization": "NONE",
            "authorization_scopes": [],
            "authorizer_id": "",
            "http_method": "POST",
            "id": "agm-0p1mp93aa7-a8436r-POST",
            "operation_name": "",
            "request_models": {
              "application/json": "ScrapeRequestModel"
            },
            "request_parameters": {},
            "request_validator_id": "ypbfwu",
            "resource_id": "a8436r",
            "rest_api_id": "0p1mp93aa7"
          },
          "sensitive_attributes": [],
          "private": "bnVsbA==",
          "dependencies": [
            "aws_api_gateway_model.scrape_request_model",
            "aws_api_gateway_request_validator.validator",
            "aws_api_gateway_resource.scrape",
            "aws_api_gateway_rest_api.scraping_api"
          ],
          "create_before_destroy": true
        }
      ]
    },
    {
      "mode": "managed",
      "type": "aws_api_gateway_method_response",
      "name": "response_200",
      "provider": "provider[\"registry.terraform.io/hashicorp/aws\"]",
      "instances": [
        {
          "schema_version": 0,
          "attributes": {
            "http_method": "POST",
            "id": "agmr-0p1mp93aa7-a8436r-POST-200",
            "resource_id": "a8436r",
            "response_models": {
              "application/json": "Empty"
            },
            "response_parameters": {},
            "rest_api_id": "0p1mp93aa7",
            "status_code": "200"
          },
          "sensitive_attributes": [],
          "private": "bnVsbA==",
          "dependencies": [
            "aws_api_gateway_method.scrape_post",
            "aws_api_gateway_model.scrape_request_model",
            "aws_api_gateway_request_validator.validator",
            "aws_api_gateway_resource.scrape",
            "aws_api_gateway_rest_api.scraping_api"
          ],
          "create_before_destroy": true
        }
      ]
    },
    {
      "mode": "managed",
      "type": "aws_api_gateway_model",
      "name": "scrape_request_model",
      "provider": "provider[\"registry.terraform.io/hashicorp/aws\"]",
      "instances": [
        {
          "schema_version": 0,
          "attributes": {
            "content_type": "application/json",
            "description": "JSON Schema for scrape endpoint",
            "id": "q7uj5e",
            "name": "ScrapeRequestModel",
            "rest_api_id": "0p1mp93aa7",
            "schema": "{\"properties\":{\"page_url\":{\"pattern\":\"^.*$\",\"type\":\"string\"},\"store_images\":{\"default\":false,\"type\":\"boolean\"}},\"required\":[\"page_url\"],\"type\":\"object\"}"
          },
          "sensitive_attributes": [],
          "private": "bnVsbA==",
          "dependencies": [
            "aws_api_gateway_rest_api.scraping_api"
          ],
          "create_before_destroy": true
        }
      ]
    },
    {
      "mode": "managed",
      "type": "aws_api_gateway_request_validator",
      "name": "validator",
      "provider": "provider[\"registry.terraform.io/hashicorp/aws\"]",
      "instances": [
        {
          "schema_version": 0,
          "attributes": {
            "id": "ypbfwu",
            "name": "scrape-endpoint-validator",
            "rest_api_id": "0p1mp93aa7",
            "validate_request_body": true,
            "validate_request_parameters": true
          },
          "sensitive_attributes": [],
          "private": "bnVsbA==",
          "dependencies": [
            "aws_api_gateway_rest_api.scraping_api"
          ],
          "create_before_destroy": true
        }
      ]
    },
    {
      "mode": "managed",
      "type": "aws_api_gateway_resource",
      "name": "scrape",
      "provider": "provider[\"registry.terraform.io/hashicorp/aws\"]",
      "instances": [
        {
          "schema_version": 0,
          "attributes": {
            "id": "a8436r",
            "parent_id": "wo09rck1s4",
            "path": "/scrape",
            "path_part": "scrape",
            "rest_api_id": "0p1mp93aa7"
          },
          "sensitive_attributes": [],
          "private": "bnVsbA==",
          "dependencies": [
            "aws_api_gateway_rest_api.scraping_api"
          ],
          "create_before_destroy": true
        }
      ]
    },
    {
      "mode": "managed",
      "type": "aws_api_gateway_rest_api",
      "name": "scraping_api",
      "provider": "provider[\"registry.terraform.io/hashicorp/aws\"]",
      "instances": [
        {
          "schema_version": 0,
          "attributes": {
            "api_key_source": "HEADER",
            "arn": "arn:aws:apigateway:us-west-2::/restapis/0p1mp93aa7",
            "binary_media_types": [],
            "body": null,
            "created_date": "2025-02-21T20:11:37Z",
            "description": "API for adding URLs to scraping queue",
            "disable_execute_api_endpoint": false,
            "endpoint_configuration": [
              {
                "types": [
                  "REGIONAL"
                ],
                "vpc_endpoint_ids": []
              }
            ],
            "execution_arn": "arn:aws:execute-api:us-west-2:024611159954:0p1mp93aa7",
            "fail_on_warnings": null,
            "id": "0p1mp93aa7",
            "minimum_compression_size": "",
            "name": "scraping-api",
            "parameters": null,
            "policy": "",
            "put_rest_api_mode": null,
            "root_resource_id": "wo09rck1s4",
            "tags": {},
            "tags_all": {}
          },
          "sensitive_attributes": [],
          "private": "bnVsbA==",
          "create_before_destroy": true
        }
      ]
    },
    {
      "mode": "managed",
      "type": "aws_api_gateway_stage",
      "name": "prod",
      "provider": "provider[\"registry.terraform.io/hashicorp/aws\"]",
      "instances": [
        {
          "schema_version": 0,
          "attributes": {
            "access_log_settings": [
              {
                "destination_arn": "arn:aws:logs:us-west-2:024611159954:log-group:/aws/apigateway/scraping-api",
                "format": "{\"apiKey\":\"$context.identity.apiKey\",\"httpMethod\":\"$context.httpMethod\",\"ip\":\"$context.identity.sourceIp\",\"protocol\":\"$context.protocol\",\"requestId\":\"$context.requestId\",\"requestTime\":\"$context.requestTime\",\"resourcePath\":\"$context.resourcePath\",\"responseLength\":\"$context.responseLength\",\"status\":\"$context.status\"}"
              }
            ],
            "arn": "arn:aws:apigateway:us-west-2::/restapis/0p1mp93aa7/stages/prod",
            "cache_cluster_enabled": false,
            "cache_cluster_size": "",
            "canary_settings": [],
            "client_certificate_id": "",
            "deployment_id": "jh74pm",
            "description": "",
            "documentation_version": "",
            "execution_arn": "arn:aws:execute-api:us-west-2:024611159954:0p1mp93aa7/prod",
            "id": "ags-0p1mp93aa7-prod",
            "invoke_url": "https://0p1mp93aa7.execute-api.us-west-2.amazonaws.com/prod",
            "rest_api_id": "0p1mp93aa7",
            "stage_name": "prod",
            "tags": {},
            "tags_all": {},
            "variables": {},
            "web_acl_arn": "",
            "xray_tracing_enabled": false
          },
          "sensitive_attributes": [],
          "private": "bnVsbA==",
          "dependencies": [
            "aws_api_gateway_deployment.api_deployment",
            "aws_api_gateway_integration.sqs_integration",
            "aws_api_gateway_integration_response.integration_response",
            "aws_api_gateway_method.scrape_post",
            "aws_api_gateway_method_response.response_200",
            "aws_api_gateway_model.scrape_request_model",
            "aws_api_gateway_request_validator.validator",
            "aws_api_gateway_resource.scrape",
            "aws_api_gateway_rest_api.scraping_api",
            "aws_cloudwatch_log_group.api_logs",
            "aws_iam_role.api_gateway_sqs",
            "aws_sqs_queue.scraping_dlq",
            "aws_sqs_queue.scraping_queue",
            "data.aws_caller_identity.current",
            "data.aws_region.current"
          ]
        }
      ]
    },
    {
      "mode": "managed",
      "type": "aws_api_gateway_usage_plan",
      "name": "scraping_api_usage_plan",
      "provider": "provider[\"registry.terraform.io/hashicorp/aws\"]",
      "instances": [
        {
          "schema_version": 0,
          "attributes": {
            "api_stages": [
              {
                "api_id": "0p1mp93aa7",
                "stage": "prod",
                "throttle": []
              }
            ],
            "arn": "arn:aws:apigateway:us-west-2::/usageplans/k1i3dh",
            "description": "",
            "id": "k1i3dh",
            "name": "scraping-api-usage-plan",
            "product_code": "",
            "quota_settings": [
              {
                "limit": 1000,
                "offset": 0,
                "period": "MONTH"
              }
            ],
            "tags": {},
            "tags_all": {},
            "throttle_settings": [
              {
                "burst_limit": 10,
                "rate_limit": 5
              }
            ]
          },
          "sensitive_attributes": [],
          "private": "bnVsbA==",
          "dependencies": [
            "aws_api_gateway_deployment.api_deployment",
            "aws_api_gateway_integration.sqs_integration",
            "aws_api_gateway_integration_response.integration_response",
            "aws_api_gateway_method.scrape_post",
            "aws_api_gateway_method_response.response_200",
            "aws_api_gateway_model.scrape_request_model",
            "aws_api_gateway_request_validator.validator",
            "aws_api_gateway_resource.scrape",
            "aws_api_gateway_rest_api.scraping_api",
            "aws_api_gateway_stage.prod",
            "aws_cloudwatch_log_group.api_logs",
            "aws_iam_role.api_gateway_sqs",
            "aws_sqs_queue.scraping_dlq",
            "aws_sqs_queue.scraping_queue",
            "data.aws_caller_identity.current",
            "data.aws_region.current"
          ]
        }
      ]
    },
    {
      "mode": "managed",
      "type": "aws_api_gateway_usage_plan_key",
      "name": "scraping_api_usage_plan_key",
      "provider": "provider[\"registry.terraform.io/hashicorp/aws\"]",
      "instances": [
        {
          "schema_version": 0,
          "attributes": {
            "id": "dtue59718e",
            "key_id": "dtue59718e",
            "key_type": "API_KEY",
            "name": "scraping-api-key",
            "usage_plan_id": "k1i3dh",
            "value": "s6L7M0xIac7ZTKwXmLv305EbXQjZY85B8DAz6HVj"
          },
          "sensitive_attributes": [],
          "private": "bnVsbA==",
          "dependencies": [
            "aws_api_gateway_api_key.scraping_api_key",
            "aws_api_gateway_deployment.api_deployment",
            "aws_api_gateway_integration.sqs_integration",
            "aws_api_gateway_integration_response.integration_response",
            "aws_api_gateway_method.scrape_post",
            "aws_api_gateway_method_response.response_200",
            "aws_api_gateway_model.scrape_request_model",
            "aws_api_gateway_request_validator.validator",
            "aws_api_gateway_resource.scrape",
            "aws_api_gateway_rest_api.scraping_api",
            "aws_api_gateway_stage.prod",
            "aws_api_gateway_usage_plan.scraping_api_usage_plan",
            "aws_cloudwatch_log_group.api_logs",
            "aws_iam_role.api_gateway_sqs",
            "aws_sqs_queue.scraping_dlq",
            "aws_sqs_queue.scraping_queue",
            "data.aws_caller_identity.current",
            "data.aws_region.current"
          ]
        }
      ]
    },
    {
      "mode": "managed",
      "type": "aws_cloudwatch_log_group",
      "name": "api_logs",
      "provider": "provider[\"registry.terraform.io/hashicorp/aws\"]",
      "instances": [
        {
          "schema_version": 0,
          "attributes": {
            "arn": "arn:aws:logs:us-west-2:024611159954:log-group:/aws/apigateway/scraping-api",
            "id": "/aws/apigateway/scraping-api",
            "kms_key_id": "",
            "log_group_class": "STANDARD",
            "name": "/aws/apigateway/scraping-api",
            "name_prefix": "",
            "retention_in_days": 14,
            "skip_destroy": false,
            "tags": {},
            "tags_all": {}
          },
          "sensitive_attributes": [],
          "private": "bnVsbA=="
        }
      ]
    },
    {
      "mode": "managed",
      "type": "aws_cloudwatch_log_group",
      "name": "lambda_logs",
      "provider": "provider[\"registry.terraform.io/hashicorp/aws\"]",
      "instances": [
        {
          "schema_version": 0,
          "attributes": {
            "arn": "arn:aws:logs:us-west-2:024611159954:log-group:/aws/lambda/page-scraper",
            "id": "/aws/lambda/page-scraper",
            "kms_key_id": "",
            "log_group_class": "STANDARD",
            "name": "/aws/lambda/page-scraper",
            "name_prefix": "",
            "retention_in_days": 14,
            "skip_destroy": false,
            "tags": {},
            "tags_all": {}
          },
          "sensitive_attributes": [],
          "private": "bnVsbA==",
          "dependencies": [
            "aws_iam_role.lambda_exec",
            "aws_lambda_function.page_scraper",
            "aws_sqs_queue.image_dlq",
            "aws_sqs_queue.image_queue",
            "aws_sqs_queue.lambda_dlq",
            "aws_sqs_queue.scraping_dlq",
            "aws_sqs_queue.scraping_queue"
          ]
        }
      ]
    },
    {
      "mode": "managed",
      "type": "aws_dynamodb_table",
      "name": "terraform_state_lock",
      "provider": "provider[\"registry.terraform.io/hashicorp/aws\"]",
      "instances": [
        {
          "schema_version": 1,
          "attributes": {
            "arn": "arn:aws:dynamodb:us-west-2:024611159954:table/terraform-state-lock",
            "attribute": [
              {
                "name": "LockID",
                "type": "S"
              }
            ],
            "billing_mode": "PAY_PER_REQUEST",
            "deletion_protection_enabled": false,
            "global_secondary_index": [],
            "hash_key": "LockID",
            "id": "terraform-state-lock",
            "import_table": [],
            "local_secondary_index": [],
            "name": "terraform-state-lock",
            "on_demand_throughput": [],
            "point_in_time_recovery": [
              {
                "enabled": false
              }
            ],
            "range_key": null,
            "read_capacity": 0,
            "replica": [],
            "restore_date_time": null,
            "restore_source_name": null,
            "restore_source_table_arn": null,
            "restore_to_latest_time": null,
            "server_side_encryption": [],
            "stream_arn": "",
            "stream_enabled": false,
            "stream_label": "",
            "stream_view_type": "",
            "table_class": "STANDARD",
            "tags": {},
            "tags_all": {},
            "timeouts": null,
            "ttl": [
              {
                "attribute_name": "",
                "enabled": false
              }
            ],
            "write_capacity": 0
          },
          "sensitive_attributes": [],
          "private": "eyJlMmJmYjczMC1lY2FhLTExZTYtOGY4OC0zNDM2M2JjN2M0YzAiOnsiY3JlYXRlIjoxODAwMDAwMDAwMDAwLCJkZWxldGUiOjYwMDAwMDAwMDAwMCwidXBkYXRlIjozNjAwMDAwMDAwMDAwfSwic2NoZW1hX3ZlcnNpb24iOiIxIn0="
        }
      ]
    },
    {
      "mode": "managed",
      "type": "aws_iam_role",
      "name": "api_gateway_sqs",
      "provider": "provider[\"registry.terraform.io/hashicorp/aws\"]",
      "instances": [
        {
          "schema_version": 0,
          "attributes": {
            "arn": "arn:aws:iam::024611159954:role/api-gateway-sqs-role",
            "assume_role_policy": "{\"Statement\":[{\"Action\":\"sts:AssumeRole\",\"Effect\":\"Allow\",\"Principal\":{\"Service\":\"apigateway.amazonaws.com\"}}],\"Version\":\"2012-10-17\"}",
            "create_date": "2025-02-21T20:42:24Z",
            "description": "",
            "force_detach_policies": false,
            "id": "api-gateway-sqs-role",
            "inline_policy": [
              {
                "name": "api-gateway-sqs-policy",
                "policy": "{\"Version\":\"2012-10-17\",\"Statement\":[{\"Action\":[\"sqs:SendMessage\"],\"Effect\":\"Allow\",\"Resource\":[\"arn:aws:sqs:us-west-2:024611159954:url-scraping-queue\"]}]}"
              }
            ],
            "managed_policy_arns": [],
            "max_session_duration": 3600,
            "name": "api-gateway-sqs-role",
            "name_prefix": "",
            "path": "/",
            "permissions_boundary": "",
            "tags": {},
            "tags_all": {},
            "unique_id": "AROAQLOXQP6JNAJEUMX65"
          },
          "sensitive_attributes": [],
          "private": "bnVsbA==",
          "create_before_destroy": true
        }
      ]
    },
    {
      "mode": "managed",
      "type": "aws_iam_role",
      "name": "lambda_exec",
      "provider": "provider[\"registry.terraform.io/hashicorp/aws\"]",
      "instances": [
        {
          "schema_version": 0,
          "attributes": {
            "arn": "arn:aws:iam::024611159954:role/lambda-scraper-role",
            "assume_role_policy": "{\"Statement\":[{\"Action\":\"sts:AssumeRole\",\"Effect\":\"Allow\",\"Principal\":{\"Service\":\"lambda.amazonaws.com\"}}],\"Version\":\"2012-10-17\"}",
            "create_date": "2025-02-21T20:11:37Z",
            "description": "",
            "force_detach_policies": false,
            "id": "lambda-scraper-role",
            "inline_policy": [
              {
                "name": "lambda-scraper-policy",
                "policy": "{\"Version\":\"2012-10-17\",\"Statement\":[{\"Action\":[\"sqs:ReceiveMessage\",\"sqs:DeleteMessage\",\"sqs:GetQueueAttributes\",\"sqs:SendMessage\"],\"Effect\":\"Allow\",\"Resource\":[\"arn:aws:sqs:us-west-2:024611159954:url-scraping-queue\",\"arn:aws:sqs:us-west-2:024611159954:image-download-queue\",\"arn:aws:sqs:us-west-2:024611159954:url-scraping-dlq\",\"arn:aws:sqs:us-west-2:024611159954:image-download-dlq\",\"arn:aws:sqs:us-west-2:024611159954:lambda-scraper-dlq\"]},{\"Action\":[\"logs:CreateLogGroup\",\"logs:CreateLogStream\",\"logs:PutLogEvents\"],\"Effect\":\"Allow\",\"Resource\":[\"arn:aws:logs:us-west-2:024611159954:log-group:/aws/lambda/page-scraper:*\"]}]}"
              },
              {
                "name": "lambda-sqs-policy",
                "policy": "{\"Version\":\"2012-10-17\",\"Statement\":[{\"Action\":[\"sqs:SendMessage\",\"sqs:ReceiveMessage\",\"sqs:DeleteMessage\",\"sqs:GetQueueAttributes\"],\"Effect\":\"Allow\",\"Resource\":[\"arn:aws:sqs:us-west-2:024611159954:url-scraping-queue\",\"arn:aws:sqs:us-west-2:024611159954:image-download-queue\",\"arn:aws:sqs:us-west-2:024611159954:lambda-scraper-dlq\",\"arn:aws:sqs:us-west-2:024611159954:url-scraping-dlq\",\"arn:aws:sqs:us-west-2:024611159954:image-download-dlq\"]}]}"
              }
            ],
            "managed_policy_arns": [],
            "max_session_duration": 3600,
            "name": "lambda-scraper-role",
            "name_prefix": "",
            "path": "/",
            "permissions_boundary": "",
            "tags": {},
            "tags_all": {},
            "unique_id": "AROAQLOXQP6JCCFON5Q2M"
          },
          "sensitive_attributes": [],
          "private": "bnVsbA=="
        }
      ]
    },
    {
      "mode": "managed",
      "type": "aws_iam_role_policy",
      "name": "api_gateway_sqs",
      "provider": "provider[\"registry.terraform.io/hashicorp/aws\"]",
      "instances": [
        {
          "schema_version": 0,
          "attributes": {
            "id": "api-gateway-sqs-role:api-gateway-sqs-policy",
            "name": "api-gateway-sqs-policy",
            "name_prefix": "",
            "policy": "{\"Version\":\"2012-10-17\",\"Statement\":[{\"Action\":[\"sqs:SendMessage\"],\"Effect\":\"Allow\",\"Resource\":[\"arn:aws:sqs:us-west-2:024611159954:url-scraping-queue\"]}]}",
            "role": "api-gateway-sqs-role"
          },
          "sensitive_attributes": [],
          "private": "bnVsbA==",
          "dependencies": [
            "aws_iam_role.api_gateway_sqs",
            "aws_sqs_queue.scraping_dlq",
            "aws_sqs_queue.scraping_queue"
          ]
        }
      ]
    },
    {
      "mode": "managed",
      "type": "aws_iam_role_policy",
      "name": "lambda_exec_policy",
      "provider": "provider[\"registry.terraform.io/hashicorp/aws\"]",
      "instances": [
        {
          "schema_version": 0,
          "attributes": {
            "id": "lambda-scraper-role:lambda-scraper-policy",
            "name": "lambda-scraper-policy",
            "name_prefix": "",
            "policy": "{\"Version\":\"2012-10-17\",\"Statement\":[{\"Action\":[\"sqs:ReceiveMessage\",\"sqs:DeleteMessage\",\"sqs:GetQueueAttributes\",\"sqs:SendMessage\"],\"Effect\":\"Allow\",\"Resource\":[\"arn:aws:sqs:us-west-2:024611159954:url-scraping-queue\",\"arn:aws:sqs:us-west-2:024611159954:image-download-queue\",\"arn:aws:sqs:us-west-2:024611159954:url-scraping-dlq\",\"arn:aws:sqs:us-west-2:024611159954:image-download-dlq\",\"arn:aws:sqs:us-west-2:024611159954:lambda-scraper-dlq\"]},{\"Action\":[\"logs:CreateLogGroup\",\"logs:CreateLogStream\",\"logs:PutLogEvents\"],\"Effect\":\"Allow\",\"Resource\":[\"arn:aws:logs:us-west-2:024611159954:log-group:/aws/lambda/page-scraper:*\"]}]}",
            "role": "lambda-scraper-role"
          },
          "sensitive_attributes": [],
          "private": "bnVsbA==",
          "dependencies": [
            "aws_cloudwatch_log_group.lambda_logs",
            "aws_iam_role.lambda_exec",
            "aws_lambda_function.page_scraper",
            "aws_sqs_queue.image_dlq",
            "aws_sqs_queue.image_queue",
            "aws_sqs_queue.lambda_dlq",
            "aws_sqs_queue.scraping_dlq",
            "aws_sqs_queue.scraping_queue"
          ]
        }
      ]
    },
    {
      "mode": "managed",
      "type": "aws_iam_role_policy",
      "name": "lambda_sqs",
      "provider": "provider[\"registry.terraform.io/hashicorp/aws\"]",
      "instances": [
        {
          "schema_version": 0,
          "attributes": {
            "id": "lambda-scraper-role:lambda-sqs-policy",
            "name": "lambda-sqs-policy",
            "name_prefix": "",
            "policy": "{\"Version\":\"2012-10-17\",\"Statement\":[{\"Action\":[\"sqs:SendMessage\",\"sqs:ReceiveMessage\",\"sqs:DeleteMessage\",\"sqs:GetQueueAttributes\"],\"Effect\":\"Allow\",\"Resource\":[\"arn:aws:sqs:us-west-2:024611159954:url-scraping-queue\",\"arn:aws:sqs:us-west-2:024611159954:image-download-queue\",\"arn:aws:sqs:us-west-2:024611159954:lambda-scraper-dlq\",\"arn:aws:sqs:us-west-2:024611159954:url-scraping-dlq\",\"arn:aws:sqs:us-west-2:024611159954:image-download-dlq\"]}]}",
            "role": "lambda-scraper-role"
          },
          "sensitive_attributes": [],
          "private": "bnVsbA==",
          "dependencies": [
            "aws_iam_role.lambda_exec",
            "aws_sqs_queue.image_dlq",
            "aws_sqs_queue.image_queue",
            "aws_sqs_queue.lambda_dlq",
            "aws_sqs_queue.scraping_dlq",
            "aws_sqs_queue.scraping_queue"
          ]
        }
      ]
    },
    {
      "mode": "managed",
      "type": "aws_lambda_event_source_mapping",
      "name": "scraping_queue_trigger",
      "provider": "provider[\"registry.terraform.io/hashicorp/aws\"]",
      "instances": [
        {
          "schema_version": 0,
          "attributes": {
            "amazon_managed_kafka_event_source_config": [],
            "arn": "arn:aws:lambda:us-west-2:024611159954:event-source-mapping:8dbbde88-8512-4817-906c-0311b4c34e30",
            "batch_size": 1,
            "bisect_batch_on_function_error": false,
            "destination_config": [],
            "document_db_event_source_config": [],
            "enabled": true,
            "event_source_arn": "arn:aws:sqs:us-west-2:024611159954:url-scraping-queue",
            "filter_criteria": [],
            "function_arn": "arn:aws:lambda:us-west-2:024611159954:function:page-scraper",
            "function_name": "arn:aws:lambda:us-west-2:024611159954:function:page-scraper",
            "function_response_types": [],
            "id": "8dbbde88-8512-4817-906c-0311b4c34e30",
            "kms_key_arn": "",
            "last_modified": "2025-02-21T20:53:32Z",
            "last_processing_result": "",
            "maximum_batching_window_in_seconds": 0,
            "maximum_record_age_in_seconds": 0,
            "maximum_retry_attempts": 0,
            "metrics_config": [],
            "parallelization_factor": 0,
            "provisioned_poller_config": [],
            "queues": [],
            "scaling_config": [
              {
                "maximum_concurrency": 10
              }
            ],
            "self_managed_event_source": [],
            "self_managed_kafka_event_source_config": [],
            "source_access_configuration": [],
            "starting_position": "",
            "starting_position_timestamp": "",
            "state": "Enabled",
            "state_transition_reason": "USER_INITIATED",
            "tags": {},
            "tags_all": {},
            "topics": [],
            "tumbling_window_in_seconds": 0,
            "uuid": "8dbbde88-8512-4817-906c-0311b4c34e30"
          },
          "sensitive_attributes": [],
          "private": "bnVsbA==",
          "dependencies": [
            "aws_iam_role.lambda_exec",
            "aws_lambda_function.page_scraper",
            "aws_sqs_queue.image_dlq",
            "aws_sqs_queue.image_queue",
            "aws_sqs_queue.lambda_dlq",
            "aws_sqs_queue.scraping_dlq",
            "aws_sqs_queue.scraping_queue"
          ]
        }
      ]
    },
    {
      "mode": "managed",
      "type": "aws_lambda_function",
      "name": "page_scraper",
      "provider": "provider[\"registry.terraform.io/hashicorp/aws\"]",
      "instances": [
        {
          "schema_version": 0,
          "attributes": {
            "architectures": [
              "x86_64"
            ],
            "arn": "arn:aws:lambda:us-west-2:024611159954:function:page-scraper",
            "code_sha256": "OyLKgKAlDpD3kYtQTjTNG7yPoLfOx7LVHA3qem32AOQ=",
            "code_signing_config_arn": "",
            "dead_letter_config": [
              {
                "target_arn": "arn:aws:sqs:us-west-2:024611159954:lambda-scraper-dlq"
              }
            ],
            "description": "",
            "environment": [
              {
                "variables": {
                  "ALLOWED_DOMAINS": "[]",
                  "IMAGE_QUEUE_URL": "https://sqs.us-west-2.amazonaws.com/024611159954/image-download-queue",
                  "MAX_DEPTH": "3",
                  "RATE_LIMIT_PER_DOMAIN": "10",
                  "URL_QUEUE_URL": "https://sqs.us-west-2.amazonaws.com/024611159954/url-scraping-queue"
                }
              }
            ],
            "ephemeral_storage": [
              {
                "size": 512
              }
            ],
            "file_system_config": [],
            "filename": "./lambda_function.zip",
            "function_name": "page-scraper",
            "handler": "pagescraper.lambda_handler",
            "id": "page-scraper",
            "image_config": [],
            "image_uri": "",
            "invoke_arn": "arn:aws:apigateway:us-west-2:lambda:path/2015-03-31/functions/arn:aws:lambda:us-west-2:024611159954:function:page-scraper/invocations",
            "kms_key_arn": "",
            "last_modified": "2025-02-21T20:53:25.575+0000",
            "layers": [],
            "logging_config": [
              {
                "application_log_level": "",
                "log_format": "Text",
                "log_group": "/aws/lambda/page-scraper",
                "system_log_level": ""
              }
            ],
            "memory_size": 512,
            "package_type": "Zip",
            "publish": false,
            "qualified_arn": "arn:aws:lambda:us-west-2:024611159954:function:page-scraper:$LATEST",
            "qualified_invoke_arn": "arn:aws:apigateway:us-west-2:lambda:path/2015-03-31/functions/arn:aws:lambda:us-west-2:024611159954:function:page-scraper:$LATEST/invocations",
            "replace_security_groups_on_destroy": null,
            "replacement_security_group_ids": null,
            "reserved_concurrent_executions": -1,
            "role": "arn:aws:iam::024611159954:role/lambda-scraper-role",
            "runtime": "python3.9",
            "s3_bucket": null,
            "s3_key": null,
            "s3_object_version": null,
            "signing_job_arn": "",
            "signing_profile_version_arn": "",
            "skip_destroy": false,
            "snap_start": [],
            "source_code_hash": "OyLKgKAlDpD3kYtQTjTNG7yPoLfOx7LVHA3qem32AOQ=",
            "source_code_size": 1783933,
            "tags": {},
            "tags_all": {},
            "timeout": 300,
            "timeouts": null,
            "tracing_config": [
              {
                "mode": "PassThrough"
              }
            ],
            "version": "$LATEST",
            "vpc_config": []
          },
          "sensitive_attributes": [],
          "private": "eyJlMmJmYjczMC1lY2FhLTExZTYtOGY4OC0zNDM2M2JjN2M0YzAiOnsiY3JlYXRlIjo2MDAwMDAwMDAwMDAsImRlbGV0ZSI6NjAwMDAwMDAwMDAwLCJ1cGRhdGUiOjYwMDAwMDAwMDAwMH19",
          "dependencies": [
            "aws_iam_role.lambda_exec",
            "aws_sqs_queue.image_dlq",
            "aws_sqs_queue.image_queue",
            "aws_sqs_queue.lambda_dlq",
            "aws_sqs_queue.scraping_dlq",
            "aws_sqs_queue.scraping_queue"
          ]
        }
      ]
    },
    {
      "mode": "managed",
      "type": "aws_s3_bucket",
      "name": "terraform_state",
      "provider": "provider[\"registry.terraform.io/hashicorp/aws\"]",
      "instances": [
        {
          "schema_version": 0,
          "attributes": {
            "acceleration_status": "",
            "acl": null,
            "arn": "arn:aws:s3:::terraform-state-fan2025",
            "bucket": "terraform-state-fan2025",
            "bucket_domain_name": "terraform-state-fan2025.s3.amazonaws.com",
            "bucket_prefix": "",
            "bucket_regional_domain_name": "terraform-state-fan2025.s3.us-west-2.amazonaws.com",
            "cors_rule": [],
            "force_destroy": false,
            "grant": [
              {
                "id": "b6e51bbb7d1050119786de56c0a36049522895d907ea4c4c9f5bc129592b7b2a",
                "permissions": [
                  "FULL_CONTROL"
                ],
                "type": "CanonicalUser",
                "uri": ""
              }
            ],
            "hosted_zone_id": "Z3BJ6K6RIION7M",
            "id": "terraform-state-fan2025",
            "lifecycle_rule": [],
            "logging": [],
            "object_lock_configuration": [],
            "object_lock_enabled": false,
            "policy": "{\"Statement\":[{\"Action\":\"s3:*\",\"Effect\":\"Allow\",\"Principal\":{\"AWS\":\"arn:aws:iam::528757782362:root\"},\"Resource\":[\"arn:aws:s3:::terraform-state-fan2025\",\"arn:aws:s3:::terraform-state-fan2025/*\"]}],\"Version\":\"2012-10-17\"}",
            "region": "us-west-2",
            "replication_configuration": [],
            "request_payer": "BucketOwner",
            "server_side_encryption_configuration": [
              {
                "rule": [
                  {
                    "apply_server_side_encryption_by_default": [
                      {
                        "kms_master_key_id": "",
                        "sse_algorithm": "AES256"
                      }
                    ],
                    "bucket_key_enabled": false
                  }
                ]
              }
            ],
            "tags": {},
            "tags_all": {},
            "timeouts": null,
            "versioning": [
              {
                "enabled": true,
                "mfa_delete": false
              }
            ],
            "website": [],
            "website_domain": null,
            "website_endpoint": null
          },
          "sensitive_attributes": [],
          "private": "eyJlMmJmYjczMC1lY2FhLTExZTYtOGY4OC0zNDM2M2JjN2M0YzAiOnsiY3JlYXRlIjoxMjAwMDAwMDAwMDAwLCJkZWxldGUiOjM2MDAwMDAwMDAwMDAsInJlYWQiOjEyMDAwMDAwMDAwMDAsInVwZGF0ZSI6MTIwMDAwMDAwMDAwMH19"
        }
      ]
    },
    {
      "mode": "managed",
      "type": "aws_s3_bucket_server_side_encryption_configuration",
      "name": "terraform_state_encryption",
      "provider": "provider[\"registry.terraform.io/hashicorp/aws\"]",
      "instances": [
        {
          "schema_version": 0,
          "attributes": {
            "bucket": "terraform-state-fan2025",
            "expected_bucket_owner": "",
            "id": "terraform-state-fan2025",
            "rule": [
              {
                "apply_server_side_encryption_by_default": [
                  {
                    "kms_master_key_id": "",
                    "sse_algorithm": "AES256"
                  }
                ],
                "bucket_key_enabled": false
              }
            ]
          },
          "sensitive_attributes": [],
          "private": "bnVsbA==",
          "dependencies": [
            "aws_s3_bucket.terraform_state"
          ]
        }
      ]
    },
    {
      "mode": "managed",
      "type": "aws_s3_bucket_versioning",
      "name": "terraform_state_versioning",
      "provider": "provider[\"registry.terraform.io/hashicorp/aws\"]",
      "instances": [
        {
          "schema_version": 0,
          "attributes": {
            "bucket": "terraform-state-fan2025",
            "expected_bucket_owner": "",
            "id": "terraform-state-fan2025",
            "mfa": null,
            "versioning_configuration": [
              {
                "mfa_delete": "",
                "status": "Enabled"
              }
            ]
          },
          "sensitive_attributes": [],
          "private": "bnVsbA==",
          "dependencies": [
            "aws_s3_bucket.terraform_state"
          ]
        }
      ]
    },
    {
      "mode": "managed",
      "type": "aws_sqs_queue",
      "name": "image_dlq",
      "provider": "provider[\"registry.terraform.io/hashicorp/aws\"]",
      "instances": [
        {
          "schema_version": 0,
          "attributes": {
            "arn": "arn:aws:sqs:us-west-2:024611159954:image-download-dlq",
            "content_based_deduplication": false,
            "deduplication_scope": "",
            "delay_seconds": 0,
            "fifo_queue": false,
            "fifo_throughput_limit": "",
            "id": "https://sqs.us-west-2.amazonaws.com/024611159954/image-download-dlq",
            "kms_data_key_reuse_period_seconds": 300,
            "kms_master_key_id": "",
            "max_message_size": 262144,
            "message_retention_seconds": 1209600,
            "name": "image-download-dlq",
            "name_prefix": "",
            "policy": "",
            "receive_wait_time_seconds": 0,
            "redrive_allow_policy": "",
            "redrive_policy": "",
            "sqs_managed_sse_enabled": true,
            "tags": {},
            "tags_all": {},
            "timeouts": null,
            "url": "https://sqs.us-west-2.amazonaws.com/024611159954/image-download-dlq",
            "visibility_timeout_seconds": 300
          },
          "sensitive_attributes": [],
          "private": "eyJlMmJmYjczMC1lY2FhLTExZTYtOGY4OC0zNDM2M2JjN2M0YzAiOnsiY3JlYXRlIjoxODAwMDAwMDAwMDAsImRlbGV0ZSI6MTgwMDAwMDAwMDAwLCJ1cGRhdGUiOjE4MDAwMDAwMDAwMH19"
        }
      ]
    },
    {
      "mode": "managed",
      "type": "aws_sqs_queue",
      "name": "image_queue",
      "provider": "provider[\"registry.terraform.io/hashicorp/aws\"]",
      "instances": [
        {
          "schema_version": 0,
          "attributes": {
            "arn": "arn:aws:sqs:us-west-2:024611159954:image-download-queue",
            "content_based_deduplication": false,
            "deduplication_scope": "",
            "delay_seconds": 0,
            "fifo_queue": false,
            "fifo_throughput_limit": "",
            "id": "https://sqs.us-west-2.amazonaws.com/024611159954/image-download-queue",
            "kms_data_key_reuse_period_seconds": 300,
            "kms_master_key_id": "",
            "max_message_size": 262144,
            "message_retention_seconds": 1209600,
            "name": "image-download-queue",
            "name_prefix": "",
            "policy": "",
            "receive_wait_time_seconds": 20,
            "redrive_allow_policy": "",
            "redrive_policy": "{\"deadLetterTargetArn\":\"arn:aws:sqs:us-west-2:024611159954:image-download-dlq\",\"maxReceiveCount\":3}",
            "sqs_managed_sse_enabled": true,
            "tags": {},
            "tags_all": {},
            "timeouts": null,
            "url": "https://sqs.us-west-2.amazonaws.com/024611159954/image-download-queue",
            "visibility_timeout_seconds": 900
          },
          "sensitive_attributes": [],
          "private": "eyJlMmJmYjczMC1lY2FhLTExZTYtOGY4OC0zNDM2M2JjN2M0YzAiOnsiY3JlYXRlIjoxODAwMDAwMDAwMDAsImRlbGV0ZSI6MTgwMDAwMDAwMDAwLCJ1cGRhdGUiOjE4MDAwMDAwMDAwMH19",
          "dependencies": [
            "aws_sqs_queue.image_dlq"
          ]
        }
      ]
    },
    {
      "mode": "managed",
      "type": "aws_sqs_queue",
      "name": "lambda_dlq",
      "provider": "provider[\"registry.terraform.io/hashicorp/aws\"]",
      "instances": [
        {
          "schema_version": 0,
          "attributes": {
            "arn": "arn:aws:sqs:us-west-2:024611159954:lambda-scraper-dlq",
            "content_based_deduplication": false,
            "deduplication_scope": "",
            "delay_seconds": 0,
            "fifo_queue": false,
            "fifo_throughput_limit": "",
            "id": "https://sqs.us-west-2.amazonaws.com/024611159954/lambda-scraper-dlq",
            "kms_data_key_reuse_period_seconds": 300,
            "kms_master_key_id": "",
            "max_message_size": 262144,
            "message_retention_seconds": 1209600,
            "name": "lambda-scraper-dlq",
            "name_prefix": "",
            "policy": "",
            "receive_wait_time_seconds": 0,
            "redrive_allow_policy": "",
            "redrive_policy": "",
            "sqs_managed_sse_enabled": true,
            "tags": {},
            "tags_all": {},
            "timeouts": null,
            "url": "https://sqs.us-west-2.amazonaws.com/024611159954/lambda-scraper-dlq",
            "visibility_timeout_seconds": 300
          },
          "sensitive_attributes": [],
          "private": "eyJlMmJmYjczMC1lY2FhLTExZTYtOGY4OC0zNDM2M2JjN2M0YzAiOnsiY3JlYXRlIjoxODAwMDAwMDAwMDAsImRlbGV0ZSI6MTgwMDAwMDAwMDAwLCJ1cGRhdGUiOjE4MDAwMDAwMDAwMH19"
        }
      ]
    },
    {
      "mode": "managed",
      "type": "aws_sqs_queue",
      "name": "scraping_dlq",
      "provider": "provider[\"registry.terraform.io/hashicorp/aws\"]",
      "instances": [
        {
          "schema_version": 0,
          "attributes": {
            "arn": "arn:aws:sqs:us-west-2:024611159954:url-scraping-dlq",
            "content_based_deduplication": false,
            "deduplication_scope": "",
            "delay_seconds": 0,
            "fifo_queue": false,
            "fifo_throughput_limit": "",
            "id": "https://sqs.us-west-2.amazonaws.com/024611159954/url-scraping-dlq",
            "kms_data_key_reuse_period_seconds": 300,
            "kms_master_key_id": "",
            "max_message_size": 262144,
            "message_retention_seconds": 1209600,
            "name": "url-scraping-dlq",
            "name_prefix": "",
            "policy": "",
            "receive_wait_time_seconds": 0,
            "redrive_allow_policy": "",
            "redrive_policy": "",
            "sqs_managed_sse_enabled": true,
            "tags": {},
            "tags_all": {},
            "timeouts": null,
            "url": "https://sqs.us-west-2.amazonaws.com/024611159954/url-scraping-dlq",
            "visibility_timeout_seconds": 300
          },
          "sensitive_attributes": [],
          "private": "eyJlMmJmYjczMC1lY2FhLTExZTYtOGY4OC0zNDM2M2JjN2M0YzAiOnsiY3JlYXRlIjoxODAwMDAwMDAwMDAsImRlbGV0ZSI6MTgwMDAwMDAwMDAwLCJ1cGRhdGUiOjE4MDAwMDAwMDAwMH19",
          "create_before_destroy": true
        }
      ]
    },
    {
      "mode": "managed",
      "type": "aws_sqs_queue",
      "name": "scraping_queue",
      "provider": "provider[\"registry.terraform.io/hashicorp/aws\"]",
      "instances": [
        {
          "schema_version": 0,
          "attributes": {
            "arn": "arn:aws:sqs:us-west-2:024611159954:url-scraping-queue",
            "content_based_deduplication": false,
            "deduplication_scope": "",
            "delay_seconds": 0,
            "fifo_queue": false,
            "fifo_throughput_limit": "",
            "id": "https://sqs.us-west-2.amazonaws.com/024611159954/url-scraping-queue",
            "kms_data_key_reuse_period_seconds": 300,
            "kms_master_key_id": "",
            "max_message_size": 262144,
            "message_retention_seconds": 1209600,
            "name": "url-scraping-queue",
            "name_prefix": "",
            "policy": "",
            "receive_wait_time_seconds": 20,
            "redrive_allow_policy": "",
            "redrive_policy": "{\"deadLetterTargetArn\":\"arn:aws:sqs:us-west-2:024611159954:url-scraping-dlq\",\"maxReceiveCount\":3}",
            "sqs_managed_sse_enabled": true,
            "tags": {},
            "tags_all": {},
            "timeouts": null,
            "url": "https://sqs.us-west-2.amazonaws.com/024611159954/url-scraping-queue",
            "visibility_timeout_seconds": 900
          },
          "sensitive_attributes": [],
          "private": "eyJlMmJmYjczMC1lY2FhLTExZTYtOGY4OC0zNDM2M2JjN2M0YzAiOnsiY3JlYXRlIjoxODAwMDAwMDAwMDAsImRlbGV0ZSI6MTgwMDAwMDAwMDAwLCJ1cGRhdGUiOjE4MDAwMDAwMDAwMH19",
          "dependencies": [
            "aws_sqs_queue.scraping_dlq"
          ],
          "create_before_destroy": true
        }
      ]
    }
  ],
  "check_results": null
}
